
Microsoft Visual Studio Solution File, Format Version 12.00
# Visual Studio 14
VisualStudioVersion = 14.0.23107.0
MinimumVisualStudioVersion = 10.0.40219.1
Project("{FAE04EC0-301F-11D3-BF4B-00C04F79EFBC}") = "SubtitleFetcher", "SubtitleFetcher\SubtitleFetcher.csproj", "{688749A3-A8D0-4BBA-BDB7-1FCDF292409C}"
EndProject
Project("{FAE04EC0-301F-11D3-BF4B-00C04F79EFBC}") = "UnitTests", "UnitTests\UnitTests.csproj", "{C34DA5AA-B012-4E8D-804E-E70882D20677}"
EndProject
Project("{2150E333-8FDC-42A3-9474-1A3956D46DE8}") = ".nuget", ".nuget", "{3D0216F7-D8F5-4427-A1F8-8F59E38143C7}"
	ProjectSection(SolutionItems) = preProject
		.nuget\NuGet.exe = .nuget\NuGet.exe
		.nuget\NuGet.targets = .nuget\NuGet.targets
	EndProjectSection
EndProject
Project("{FAE04EC0-301F-11D3-BF4B-00C04F79EFBC}") = "SubtitleFetcher.Common", "SubtitleFetcher.Common\SubtitleFetcher.Common.csproj", "{F95C79D9-1A9E-4F58-AF2A-F7D78AB26071}"
EndProject
Project("{FAE04EC0-301F-11D3-BF4B-00C04F79EFBC}") = "UndertexterSeDownloader", "UndertexterSeDownloader\UndertexterSeDownloader.csproj", "{7B1F9024-08ED-42E3-9D53-48F534347AE2}"
EndProject
Project("{FAE04EC0-301F-11D3-BF4B-00C04F79EFBC}") = "PortedSubtitleDownloaders", "PortedSubtitleDownloaders\PortedSubtitleDownloaders.csproj", "{1F92747B-92BF-4EF4-AB50-9AE5C7763B6C}"
EndProject
Global
	GlobalSection(SolutionConfigurationPlatforms) = preSolution
		Debug|Any CPU = Debug|Any CPU
		Debug|Mixed Platforms = Debug|Mixed Platforms
		Debug|x86 = Debug|x86
		Release|Any CPU = Release|Any CPU
		Release|Mixed Platforms = Release|Mixed Platforms
		Release|x86 = Release|x86
	EndGlobalSection
	GlobalSection(ProjectConfigurationPlatforms) = postSolution
		{688749A3-A8D0-4BBA-BDB7-1FCDF292409C}.Debug|Any CPU.ActiveCfg = Debug|Any CPU
		{688749A3-A8D0-4BBA-BDB7-1FCDF292409C}.Debug|Any CPU.Build.0 = Debug|Any CPU
		{688749A3-A8D0-4BBA-BDB7-1FCDF292409C}.Debug|Mixed Platforms.ActiveCfg = Debug|Any CPU
		{688749A3-A8D0-4BBA-BDB7-1FCDF292409C}.Debug|Mixed Platforms.Build.0 = Debug|Any CPU
		{688749A3-A8D0-4BBA-BDB7-1FCDF292409C}.Debug|x86.ActiveCfg = Debug|x86
		{688749A3-A8D0-4BBA-BDB7-1FCDF292409C}.Debug|x86.Build.0 = Debug|x86
		{688749A3-A8D0-4BBA-BDB7-1FCDF292409C}.Release|Any CPU.ActiveCfg = Release|x86
		{688749A3-A8D0-4BBA-BDB7-1FCDF292409C}.Release|Mixed Platforms.ActiveCfg = Release|x86
		{688749A3-A8D0-4BBA-BDB7-1FCDF292409C}.Release|Mixed Platforms.Build.0 = Release|x86
		{688749A3-A8D0-4BBA-BDB7-1FCDF292409C}.Release|x86.ActiveCfg = Release|x86
		{688749A3-A8D0-4BBA-BDB7-1FCDF292409C}.Release|x86.Build.0 = Release|x86
		{C34DA5AA-B012-4E8D-804E-E70882D20677}.Debug|Any CPU.ActiveCfg = Debug|Any CPU
		{C34DA5AA-B012-4E8D-804E-E70882D20677}.Debug|Any CPU.Build.0 = Debug|Any CPU
		{C34DA5AA-B012-4E8D-804E-E70882D20677}.Debug|Mixed Platforms.ActiveCfg = Debug|Any CPU
		{C34DA5AA-B012-4E8D-804E-E70882D20677}.Debug|Mixed Platforms.Build.0 = Debug|Any CPU
		{C34DA5AA-B012-4E8D-804E-E70882D20677}.Debug|x86.ActiveCfg = Debug|Any CPU
		{C34DA5AA-B012-4E8D-804E-E70882D20677}.Release|Any CPU.ActiveCfg = Release|Any CPU
		{C34DA5AA-B012-4E8D-804E-E70882D20677}.Release|Any CPU.Build.0 = Release|Any CPU
		{C34DA5AA-B012-4E8D-804E-E70882D20677}.Release|Mixed Platforms.ActiveCfg = Release|Any CPU
		{C34DA5AA-B012-4E8D-804E-E70882D20677}.Release|Mixed Platforms.Build.0 = Release|Any CPU
		{C34DA5AA-B012-4E8D-804E-E70882D20677}.Release|x86.ActiveCfg = Release|Any CPU
		{F95C79D9-1A9E-4F58-AF2A-F7D78AB26071}.Debug|Any CPU.ActiveCfg = Debug|Any CPU
		{F95C79D9-1A9E-4F58-AF2A-F7D78AB26071}.Debug|Any CPU.Build.0 = Debug|Any CPU
		{F95C79D9-1A9E-4F58-AF2A-F7D78AB26071}.Debug|Mixed Platforms.ActiveCfg = Debug|Any CPU
		{F95C79D9-1A9E-4F58-AF2A-F7D78AB26071}.Debug|Mixed Platforms.Build.0 = Debug|Any CPU
		{F95C79D9-1A9E-4F58-AF2A-F7D78AB26071}.Debug|x86.ActiveCfg = Debug|Any CPU
		{F95C79D9-1A9E-4F58-AF2A-F7D78AB26071}.Release|Any CPU.ActiveCfg = Release|Any CPU
		{F95C79D9-1A9E-4F58-AF2A-F7D78AB26071}.Release|Any CPU.Build.0 = Release|Any CPU
		{F95C79D9-1A9E-4F58-AF2A-F7D78AB26071}.Release|Mixed Platforms.ActiveCfg = Release|Any CPU
		{F95C79D9-1A9E-4F58-AF2A-F7D78AB26071}.Release|Mixed Platforms.Build.0 = Release|Any CPU
		{F95C79D9-1A9E-4F58-AF2A-F7D78AB26071}.Release|x86.ActiveCfg = Release|Any CPU
		{7B1F9024-08ED-42E3-9D53-48F534347AE2}.Debug|Any CPU.ActiveCfg = Debug|Any CPU
		{7B1F9024-08ED-42E3-9D53-48F534347AE2}.Debug|Any CPU.Build.0 = Debug|Any CPU
		{7B1F9024-08ED-42E3-9D53-48F534347AE2}.Debug|Mixed Platforms.ActiveCfg = Debug|Any CPU
		{7B1F9024-08ED-42E3-9D53-48F534347AE2}.Debug|Mixed Platforms.Build.0 = Debug|Any CPU
		{7B1F9024-08ED-42E3-9D53-48F534347AE2}.Debug|x86.ActiveCfg = Debug|Any CPU
		{7B1F9024-08ED-42E3-9D53-48F534347AE2}.Release|Any CPU.ActiveCfg = Release|Any CPU
		{7B1F9024-08ED-42E3-9D53-48F534347AE2}.Release|Any CPU.Build.0 = Release|Any CPU
		{7B1F9024-08ED-42E3-9D53-48F534347AE2}.Release|Mixed Platforms.ActiveCfg = Release|Any CPU
		{7B1F9024-08ED-42E3-9D53-48F534347AE2}.Release|Mixed Platforms.Build.0 = Release|Any CPU
		{7B1F9024-08ED-42E3-9D53-48F534347AE2}.Release|x86.ActiveCfg = Release|Any CPU
		{1F92747B-92BF-4EF4-AB50-9AE5C7763B6C}.Debug|Any CPU.ActiveCfg = Debug|Any CPU
		{1F92747B-92BF-4EF4-AB50-9AE5C7763B6C}.Debug|Any CPU.Build.0 = Debug|Any CPU
		{1F92747B-92BF-4EF4-AB50-9AE5C7763B6C}.Debug|Mixed Platforms.ActiveCfg = Debug|Any CPU
		{1F92747B-92BF-4EF4-AB50-9AE5C7763B6C}.Debug|Mixed Platforms.Build.0 = Debug|Any CPU
		{1F92747B-92BF-4EF4-AB50-9AE5C7763B6C}.Debug|x86.ActiveCfg = Debug|Any CPU
		{1F92747B-92BF-4EF4-AB50-9AE5C7763B6C}.Debug|x86.Build.0 = Debug|Any CPU
		{1F92747B-92BF-4EF4-AB50-9AE5C7763B6C}.Release|Any CPU.ActiveCfg = Release|Any CPU
		{1F92747B-92BF-4EF4-AB50-9AE5C7763B6C}.Release|Any CPU.Build.0 = Release|Any CPU
		{1F92747B-92BF-4EF4-AB50-9AE5C7763B6C}.Release|Mixed Platforms.ActiveCfg = Release|Any CPU
		{1F92747B-92BF-4EF4-AB50-9AE5C7763B6C}.Release|Mixed Platforms.Build.0 = Release|Any CPU
		{1F92747B-92BF-4EF4-AB50-9AE5C7763B6C}.Release|x86.ActiveCfg = Release|Any CPU
		{1F92747B-92BF-4EF4-AB50-9AE5C7763B6C}.Release|x86.Build.0 = Release|Any CPU
	EndGlobalSection
	GlobalSection(SolutionProperties) = preSolution
		HideSolutionNode = FALSE
	EndGlobalSection
EndGlobal
